
Microsoft Visual Studio Solution File, Format Version 12.00
# Visual Studio Version 17
VisualStudioVersion = 17.1.32210.238
MinimumVisualStudioVersion = 10.0.40219.1
Project("{9A19103F-16F7-4668-BE54-9A1E7A4F7556}") = "EnquirymaxDevTest", "EnquirymaxDevTest\EnquirymaxDevTest.csproj", "{64C56163-1DE8-44C4-9504-C6A331AC4C20}"
EndProject
Project("{9A19103F-16F7-4668-BE54-9A1E7A4F7556}") = "EMaxDevTest.Core", "EMaxDevTest.Core\EMaxDevTest.Core.csproj", "{22C4FC3D-395A-4993-925C-90D00810E0A9}"
EndProject
Project("{9A19103F-16F7-4668-BE54-9A1E7A4F7556}") = "EMaxDevTest.Data", "EMaxDevTest.Data\EMaxDevTest.Data.csproj", "{3675731A-4E11-4B40-8EA0-D4A2C01AA330}"
EndProject
Project("{9A19103F-16F7-4668-BE54-9A1E7A4F7556}") = "EMaxDevTest.Tests", "EMaxDevTest.Tests\EMaxDevTest.Tests.csproj", "{CFF9E824-F203-4149-B6A6-8B075E81295E}"
EndProject
Project("{FAE04EC0-301F-11D3-BF4B-00C04F79EFBC}") = "EMaxHttpClient", "EMaxHttpClient\EMaxHttpClient.csproj", "{65503C3F-CF0E-4CC0-99D2-0052B5CE0999}"
EndProject
Global
	GlobalSection(SolutionConfigurationPlatforms) = preSolution
		Debug|Any CPU = Debug|Any CPU
		Release|Any CPU = Release|Any CPU
	EndGlobalSection
	GlobalSection(ProjectConfigurationPlatforms) = postSolution
		{64C56163-1DE8-44C4-9504-C6A331AC4C20}.Debug|Any CPU.ActiveCfg = Debug|Any CPU
		{64C56163-1DE8-44C4-9504-C6A331AC4C20}.Debug|Any CPU.Build.0 = Debug|Any CPU
		{64C56163-1DE8-44C4-9504-C6A331AC4C20}.Release|Any CPU.ActiveCfg = Release|Any CPU
		{64C56163-1DE8-44C4-9504-C6A331AC4C20}.Release|Any CPU.Build.0 = Release|Any CPU
		{22C4FC3D-395A-4993-925C-90D00810E0A9}.Debug|Any CPU.ActiveCfg = Debug|Any CPU
		{22C4FC3D-395A-4993-925C-90D00810E0A9}.Debug|Any CPU.Build.0 = Debug|Any CPU
		{22C4FC3D-395A-4993-925C-90D00810E0A9}.Release|Any CPU.ActiveCfg = Release|Any CPU
		{22C4FC3D-395A-4993-925C-90D00810E0A9}.Release|Any CPU.Build.0 = Release|Any CPU
		{3675731A-4E11-4B40-8EA0-D4A2C01AA330}.Debug|Any CPU.ActiveCfg = Debug|Any CPU
		{3675731A-4E11-4B40-8EA0-D4A2C01AA330}.Debug|Any CPU.Build.0 = Debug|Any CPU
		{3675731A-4E11-4B40-8EA0-D4A2C01AA330}.Release|Any CPU.ActiveCfg = Release|Any CPU
		{3675731A-4E11-4B40-8EA0-D4A2C01AA330}.Release|Any CPU.Build.0 = Release|Any CPU
		{CFF9E824-F203-4149-B6A6-8B075E81295E}.Debug|Any CPU.ActiveCfg = Debug|Any CPU
		{CFF9E824-F203-4149-B6A6-8B075E81295E}.Debug|Any CPU.Build.0 = Debug|Any CPU
		{CFF9E824-F203-4149-B6A6-8B075E81295E}.Release|Any CPU.ActiveCfg = Release|Any CPU
		{CFF9E824-F203-4149-B6A6-8B075E81295E}.Release|Any CPU.Build.0 = Release|Any CPU
		{65503C3F-CF0E-4CC0-99D2-0052B5CE0999}.Debug|Any CPU.ActiveCfg = Debug|Any CPU
		{65503C3F-CF0E-4CC0-99D2-0052B5CE0999}.Debug|Any CPU.Build.0 = Debug|Any CPU
		{65503C3F-CF0E-4CC0-99D2-0052B5CE0999}.Release|Any CPU.ActiveCfg = Release|Any CPU
		{65503C3F-CF0E-4CC0-99D2-0052B5CE0999}.Release|Any CPU.Build.0 = Release|Any CPU
	EndGlobalSection
	GlobalSection(SolutionProperties) = preSolution
		HideSolutionNode = FALSE
	EndGlobalSection
	GlobalSection(ExtensibilityGlobals) = postSolution
		SolutionGuid = {63B35AE5-FC8B-4284-81ED-09E68110DE9E}
	EndGlobalSection
EndGlobal
